// !$*UTF8*$!
{
	archiveVersion = 1;
	classes = {
	};
	objectVersion = 77;
	objects = {

/* Begin PBXBuildFile section */
		F98E7EFB2E884038003C02A9 /* Assets.xcassets in Resources */ = {isa = PBXBuildFile; fileRef = F98E7EF72E884038003C02A9 /* Assets.xcassets */; };
		F98E7EFC2E884038003C02A9 /* ConcurrencyInSwiftApp.swift in Sources */ = {isa = PBXBuildFile; fileRef = F98E7EF82E884038003C02A9 /* ConcurrencyInSwiftApp.swift */; };
		F98E7EFD2E884038003C02A9 /* ContentView.swift in Sources */ = {isa = PBXBuildFile; fileRef = F98E7EF92E884038003C02A9 /* ContentView.swift */; };
		F98E7F002E88406A003C02A9 /* SerialQueueTest.swift in Sources */ = {isa = PBXBuildFile; fileRef = F98E7EFF2E884061003C02A9 /* SerialQueueTest.swift */; };
		F98E7F032E884314003C02A9 /* CurrentDateTimeView.swift in Sources */ = {isa = PBXBuildFile; fileRef = F98E7F022E884308003C02A9 /* CurrentDateTimeView.swift */; };
		F98E7F072E8844C4003C02A9 /* CurrentDate.swift in Sources */ = {isa = PBXBuildFile; fileRef = F98E7F062E8844BC003C02A9 /* CurrentDate.swift */; };
		F98E7F0A2E8848ED003C02A9 /* CurrentDateTimeViewModel.swift in Sources */ = {isa = PBXBuildFile; fileRef = F98E7F092E8848E9003C02A9 /* CurrentDateTimeViewModel.swift */; };
/* End PBXBuildFile section */

/* Begin PBXContainerItemProxy section */
		F98E7EDA2E8835DF003C02A9 /* PBXContainerItemProxy */ = {
			isa = PBXContainerItemProxy;
			containerPortal = F98E7EC42E8835DD003C02A9 /* Project object */;
			proxyType = 1;
			remoteGlobalIDString = F98E7ECB2E8835DE003C02A9;
			remoteInfo = ConcurrencyInSwift;
		};
		F98E7EE42E8835DF003C02A9 /* PBXContainerItemProxy */ = {
			isa = PBXContainerItemProxy;
			containerPortal = F98E7EC42E8835DD003C02A9 /* Project object */;
			proxyType = 1;
			remoteGlobalIDString = F98E7ECB2E8835DE003C02A9;
			remoteInfo = ConcurrencyInSwift;
		};
/* End PBXContainerItemProxy section */

/* Begin PBXFileReference section */
		F98E7ECC2E8835DE003C02A9 /* ConcurrencyInSwift.app */ = {isa = PBXFileReference; explicitFileType = wrapper.application; includeInIndex = 0; path = ConcurrencyInSwift.app; sourceTree = BUILT_PRODUCTS_DIR; };
		F98E7ED92E8835DF003C02A9 /* ConcurrencyInSwiftTests.xctest */ = {isa = PBXFileReference; explicitFileType = wrapper.cfbundle; includeInIndex = 0; path = ConcurrencyInSwiftTests.xctest; sourceTree = BUILT_PRODUCTS_DIR; };
		F98E7EE32E8835DF003C02A9 /* ConcurrencyInSwiftUITests.xctest */ = {isa = PBXFileReference; explicitFileType = wrapper.cfbundle; includeInIndex = 0; path = ConcurrencyInSwiftUITests.xctest; sourceTree = BUILT_PRODUCTS_DIR; };
		F98E7EF72E884038003C02A9 /* Assets.xcassets */ = {isa = PBXFileReference; lastKnownFileType = folder.assetcatalog; path = Assets.xcassets; sourceTree = "<group>"; };
		F98E7EF82E884038003C02A9 /* ConcurrencyInSwiftApp.swift */ = {isa = PBXFileReference; lastKnownFileType = sourcecode.swift; path = ConcurrencyInSwiftApp.swift; sourceTree = "<group>"; };
		F98E7EF92E884038003C02A9 /* ContentView.swift */ = {isa = PBXFileReference; lastKnownFileType = sourcecode.swift; path = ContentView.swift; sourceTree = "<group>"; };
		F98E7EFF2E884061003C02A9 /* SerialQueueTest.swift */ = {isa = PBXFileReference; lastKnownFileType = sourcecode.swift; path = SerialQueueTest.swift; sourceTree = "<group>"; };
		F98E7F022E884308003C02A9 /* CurrentDateTimeView.swift */ = {isa = PBXFileReference; lastKnownFileType = sourcecode.swift; path = CurrentDateTimeView.swift; sourceTree = "<group>"; };
		F98E7F062E8844BC003C02A9 /* CurrentDate.swift */ = {isa = PBXFileReference; lastKnownFileType = sourcecode.swift; path = CurrentDate.swift; sourceTree = "<group>"; };
		F98E7F092E8848E9003C02A9 /* CurrentDateTimeViewModel.swift */ = {isa = PBXFileReference; lastKnownFileType = sourcecode.swift; path = CurrentDateTimeViewModel.swift; sourceTree = "<group>"; };
		F98E7F0B2E88536B003C02A9 /* Info.plist */ = {isa = PBXFileReference; lastKnownFileType = text.plist; path = Info.plist; sourceTree = "<group>"; };
/* End PBXFileReference section */

/* Begin PBXFileSystemSynchronizedRootGroup section */
		F98E7EDC2E8835DF003C02A9 /* ConcurrencyInSwiftTests */ = {
			isa = PBXFileSystemSynchronizedRootGroup;
			path = ConcurrencyInSwiftTests;
			sourceTree = "<group>";
		};
		F98E7EE62E8835DF003C02A9 /* ConcurrencyInSwiftUITests */ = {
			isa = PBXFileSystemSynchronizedRootGroup;
			path = ConcurrencyInSwiftUITests;
			sourceTree = "<group>";
		};
/* End PBXFileSystemSynchronizedRootGroup section */

/* Begin PBXFrameworksBuildPhase section */
		F98E7EC92E8835DE003C02A9 /* Frameworks */ = {
			isa = PBXFrameworksBuildPhase;
			buildActionMask = 2147483647;
			files = (
			);
			runOnlyForDeploymentPostprocessing = 0;
		};
		F98E7ED62E8835DF003C02A9 /* Frameworks */ = {
			isa = PBXFrameworksBuildPhase;
			buildActionMask = 2147483647;
			files = (
			);
			runOnlyForDeploymentPostprocessing = 0;
		};
		F98E7EE02E8835DF003C02A9 /* Frameworks */ = {
			isa = PBXFrameworksBuildPhase;
			buildActionMask = 2147483647;
			files = (
			);
			runOnlyForDeploymentPostprocessing = 0;
		};
/* End PBXFrameworksBuildPhase section */

/* Begin PBXGroup section */
		F98E7EC32E8835DD003C02A9 = {
			isa = PBXGroup;
			children = (
				F98E7EFA2E884038003C02A9 /* ConcurrencyInSwift */,
				F98E7EDC2E8835DF003C02A9 /* ConcurrencyInSwiftTests */,
				F98E7EE62E8835DF003C02A9 /* ConcurrencyInSwiftUITests */,
				F98E7ECD2E8835DE003C02A9 /* Products */,
			);
			sourceTree = "<group>";
		};
		F98E7ECD2E8835DE003C02A9 /* Products */ = {
			isa = PBXGroup;
			children = (
				F98E7ECC2E8835DE003C02A9 /* ConcurrencyInSwift.app */,
				F98E7ED92E8835DF003C02A9 /* ConcurrencyInSwiftTests.xctest */,
				F98E7EE32E8835DF003C02A9 /* ConcurrencyInSwiftUITests.xctest */,
			);
			name = Products;
			sourceTree = "<group>";
		};
		F98E7EFA2E884038003C02A9 /* ConcurrencyInSwift */ = {
			isa = PBXGroup;
			children = (
				F98E7F0B2E88536B003C02A9 /* Info.plist */,
				F98E7F012E8842F0003C02A9 /* CurrentDataTimeView */,
				F98E7EFE2E88403B003C02A9 /* CSQueue */,
				F98E7EF72E884038003C02A9 /* Assets.xcassets */,
				F98E7EF82E884038003C02A9 /* ConcurrencyInSwiftApp.swift */,
				F98E7EF92E884038003C02A9 /* ContentView.swift */,
			);
			path = ConcurrencyInSwift;
			sourceTree = "<group>";
		};
		F98E7EFE2E88403B003C02A9 /* CSQueue */ = {
			isa = PBXGroup;
			children = (
				F98E7EFF2E884061003C02A9 /* SerialQueueTest.swift */,
			);
			path = CSQueue;
			sourceTree = "<group>";
		};
		F98E7F012E8842F0003C02A9 /* CurrentDataTimeView */ = {
			isa = PBXGroup;
			children = (
				F98E7F042E8844AB003C02A9 /* Model */,
				F98E7F052E8844B2003C02A9 /* View */,
				F98E7F082E8848B3003C02A9 /* ViewModel */,
			);
			path = CurrentDataTimeView;
			sourceTree = "<group>";
		};
		F98E7F042E8844AB003C02A9 /* Model */ = {
			isa = PBXGroup;
			children = (
				F98E7F062E8844BC003C02A9 /* CurrentDate.swift */,
			);
			path = Model;
			sourceTree = "<group>";
		};
		F98E7F052E8844B2003C02A9 /* View */ = {
			isa = PBXGroup;
			children = (
				F98E7F022E884308003C02A9 /* CurrentDateTimeView.swift */,
			);
			path = View;
			sourceTree = "<group>";
		};
		F98E7F082E8848B3003C02A9 /* ViewModel */ = {
			isa = PBXGroup;
			children = (
				F98E7F092E8848E9003C02A9 /* CurrentDateTimeViewModel.swift */,
			);
			path = ViewModel;
			sourceTree = "<group>";
		};
/* End PBXGroup section */

/* Begin PBXNativeTarget section */
		F98E7ECB2E8835DE003C02A9 /* ConcurrencyInSwift */ = {
			isa = PBXNativeTarget;
			buildConfigurationList = F98E7EED2E8835DF003C02A9 /* Build configuration list for PBXNativeTarget "ConcurrencyInSwift" */;
			buildPhases = (
				F98E7EC82E8835DE003C02A9 /* Sources */,
				F98E7EC92E8835DE003C02A9 /* Frameworks */,
				F98E7ECA2E8835DE003C02A9 /* Resources */,
			);
			buildRules = (
			);
			dependencies = (
			);
			name = ConcurrencyInSwift;
			packageProductDependencies = (
			);
			productName = ConcurrencyInSwift;
			productReference = F98E7ECC2E8835DE003C02A9 /* ConcurrencyInSwift.app */;
			productType = "com.apple.product-type.application";
		};
		F98E7ED82E8835DF003C02A9 /* ConcurrencyInSwiftTests */ = {
			isa = PBXNativeTarget;
			buildConfigurationList = F98E7EF02E8835DF003C02A9 /* Build configuration list for PBXNativeTarget "ConcurrencyInSwiftTests" */;
			buildPhases = (
				F98E7ED52E8835DF003C02A9 /* Sources */,
				F98E7ED62E8835DF003C02A9 /* Frameworks */,
				F98E7ED72E8835DF003C02A9 /* Resources */,
			);
			buildRules = (
			);
			dependencies = (
				F98E7EDB2E8835DF003C02A9 /* PBXTargetDependency */,
			);
			fileSystemSynchronizedGroups = (
				F98E7EDC2E8835DF003C02A9 /* ConcurrencyInSwiftTests */,
			);
			name = ConcurrencyInSwiftTests;
			packageProductDependencies = (
			);
			productName = ConcurrencyInSwiftTests;
			productReference = F98E7ED92E8835DF003C02A9 /* ConcurrencyInSwiftTests.xctest */;
			productType = "com.apple.product-type.bundle.unit-test";
		};
		F98E7EE22E8835DF003C02A9 /* ConcurrencyInSwiftUITests */ = {
			isa = PBXNativeTarget;
			buildConfigurationList = F98E7EF32E8835DF003C02A9 /* Build configuration list for PBXNativeTarget "ConcurrencyInSwiftUITests" */;
			buildPhases = (
				F98E7EDF2E8835DF003C02A9 /* Sources */,
				F98E7EE02E8835DF003C02A9 /* Frameworks */,
				F98E7EE12E8835DF003C02A9 /* Resources */,
			);
			buildRules = (
			);
			dependencies = (
				F98E7EE52E8835DF003C02A9 /* PBXTargetDependency */,
			);
			fileSystemSynchronizedGroups = (
				F98E7EE62E8835DF003C02A9 /* ConcurrencyInSwiftUITests */,
			);
			name = ConcurrencyInSwiftUITests;
			packageProductDependencies = (
			);
			productName = ConcurrencyInSwiftUITests;
			productReference = F98E7EE32E8835DF003C02A9 /* ConcurrencyInSwiftUITests.xctest */;
			productType = "com.apple.product-type.bundle.ui-testing";
		};
/* End PBXNativeTarget section */

/* Begin PBXProject section */
		F98E7EC42E8835DD003C02A9 /* Project object */ = {
			isa = PBXProject;
			attributes = {
				BuildIndependentTargetsInParallel = 1;
				LastSwiftUpdateCheck = 1630;
				LastUpgradeCheck = 1630;
				TargetAttributes = {
					F98E7ECB2E8835DE003C02A9 = {
						CreatedOnToolsVersion = 16.3;
					};
					F98E7ED82E8835DF003C02A9 = {
						CreatedOnToolsVersion = 16.3;
						TestTargetID = F98E7ECB2E8835DE003C02A9;
					};
					F98E7EE22E8835DF003C02A9 = {
						CreatedOnToolsVersion = 16.3;
						TestTargetID = F98E7ECB2E8835DE003C02A9;
					};
				};
			};
			buildConfigurationList = F98E7EC72E8835DD003C02A9 /* Build configuration list for PBXProject "ConcurrencyInSwift" */;
			developmentRegion = en;
			hasScannedForEncodings = 0;
			knownRegions = (
				en,
				Base,
			);
			mainGroup = F98E7EC32E8835DD003C02A9;
			minimizedProjectReferenceProxies = 1;
			preferredProjectObjectVersion = 77;
			productRefGroup = F98E7ECD2E8835DE003C02A9 /* Products */;
			projectDirPath = "";
			projectRoot = "";
			targets = (
				F98E7ECB2E8835DE003C02A9 /* ConcurrencyInSwift */,
				F98E7ED82E8835DF003C02A9 /* ConcurrencyInSwiftTests */,
				F98E7EE22E8835DF003C02A9 /* ConcurrencyInSwiftUITests */,
			);
		};
/* End PBXProject section */

/* Begin PBXResourcesBuildPhase section */
		F98E7ECA2E8835DE003C02A9 /* Resources */ = {
			isa = PBXResourcesBuildPhase;
			buildActionMask = 2147483647;
			files = (
				F98E7EFB2E884038003C02A9 /* Assets.xcassets in Resources */,
			);
			runOnlyForDeploymentPostprocessing = 0;
		};
		F98E7ED72E8835DF003C02A9 /* Resources */ = {
			isa = PBXResourcesBuildPhase;
			buildActionMask = 2147483647;
			files = (
			);
			runOnlyForDeploymentPostprocessing = 0;
		};
		F98E7EE12E8835DF003C02A9 /* Resources */ = {
			isa = PBXResourcesBuildPhase;
			buildActionMask = 2147483647;
			files = (
			);
			runOnlyForDeploymentPostprocessing = 0;
		};
/* End PBXResourcesBuildPhase section */

/* Begin PBXSourcesBuildPhase section */
		F98E7EC82E8835DE003C02A9 /* Sources */ = {
			isa = PBXSourcesBuildPhase;
			buildActionMask = 2147483647;
			files = (
				F98E7EFC2E884038003C02A9 /* ConcurrencyInSwiftApp.swift in Sources */,
				F98E7F0A2E8848ED003C02A9 /* CurrentDateTimeViewModel.swift in Sources */,
				F98E7F002E88406A003C02A9 /* SerialQueueTest.swift in Sources */,
				F98E7EFD2E884038003C02A9 /* ContentView.swift in Sources */,
				F98E7F072E8844C4003C02A9 /* CurrentDate.swift in Sources */,
				F98E7F032E884314003C02A9 /* CurrentDateTimeView.swift in Sources */,
			);
			runOnlyForDeploymentPostprocessing = 0;
		};
		F98E7ED52E8835DF003C02A9 /* Sources */ = {
			isa = PBXSourcesBuildPhase;
			buildActionMask = 2147483647;
			files = (
			);
			runOnlyForDeploymentPostprocessing = 0;
		};
		F98E7EDF2E8835DF003C02A9 /* Sources */ = {
			isa = PBXSourcesBuildPhase;
			buildActionMask = 2147483647;
			files = (
			);
			runOnlyForDeploymentPostprocessing = 0;
		};
/* End PBXSourcesBuildPhase section */

/* Begin PBXTargetDependency section */
		F98E7EDB2E8835DF003C02A9 /* PBXTargetDependency */ = {
			isa = PBXTargetDependency;
			target = F98E7ECB2E8835DE003C02A9 /* ConcurrencyInSwift */;
			targetProxy = F98E7EDA2E8835DF003C02A9 /* PBXContainerItemProxy */;
		};
		F98E7EE52E8835DF003C02A9 /* PBXTargetDependency */ = {
			isa = PBXTargetDependency;
			target = F98E7ECB2E8835DE003C02A9 /* ConcurrencyInSwift */;
			targetProxy = F98E7EE42E8835DF003C02A9 /* PBXContainerItemProxy */;
		};
/* End PBXTargetDependency section */

/* Begin XCBuildConfiguration section */
		F98E7EEB2E8835DF003C02A9 /* Debug */ = {
			isa = XCBuildConfiguration;
			buildSettings = {
				ALWAYS_SEARCH_USER_PATHS = NO;
				ASSETCATALOG_COMPILER_GENERATE_SWIFT_ASSET_SYMBOL_EXTENSIONS = YES;
				CLANG_ANALYZER_NONNULL = YES;
				CLANG_ANALYZER_NUMBER_OBJECT_CONVERSION = YES_AGGRESSIVE;
				CLANG_CXX_LANGUAGE_STANDARD = "gnu++20";
				CLANG_ENABLE_MODULES = YES;
				CLANG_ENABLE_OBJC_ARC = YES;
				CLANG_ENABLE_OBJC_WEAK = YES;
				CLANG_WARN_BLOCK_CAPTURE_AUTORELEASING = YES;
				CLANG_WARN_BOOL_CONVERSION = YES;
				CLANG_WARN_COMMA = YES;
				CLANG_WARN_CONSTANT_CONVERSION = YES;
				CLANG_WARN_DEPRECATED_OBJC_IMPLEMENTATIONS = YES;
				CLANG_WARN_DIRECT_OBJC_ISA_USAGE = YES_ERROR;
				CLANG_WARN_DOCUMENTATION_COMMENTS = YES;
				CLANG_WARN_EMPTY_BODY = YES;
				CLANG_WARN_ENUM_CONVERSION = YES;
				CLANG_WARN_INFINITE_RECURSION = YES;
				CLANG_WARN_INT_CONVERSION = YES;
				CLANG_WARN_NON_LITERAL_NULL_CONVERSION = YES;
				CLANG_WARN_OBJC_IMPLICIT_RETAIN_SELF = YES;
				CLANG_WARN_OBJC_LITERAL_CONVERSION = YES;
				CLANG_WARN_OBJC_ROOT_CLASS = YES_ERROR;
				CLANG_WARN_QUOTED_INCLUDE_IN_FRAMEWORK_HEADER = YES;
				CLANG_WARN_RANGE_LOOP_ANALYSIS = YES;
				CLANG_WARN_STRICT_PROTOTYPES = YES;
				CLANG_WARN_SUSPICIOUS_MOVE = YES;
				CLANG_WARN_UNGUARDED_AVAILABILITY = YES_AGGRESSIVE;
				CLANG_WARN_UNREACHABLE_CODE = YES;
				CLANG_WARN__DUPLICATE_METHOD_MATCH = YES;
				COPY_PHASE_STRIP = NO;
				DEBUG_INFORMATION_FORMAT = dwarf;
				ENABLE_STRICT_OBJC_MSGSEND = YES;
				ENABLE_TESTABILITY = YES;
				ENABLE_USER_SCRIPT_SANDBOXING = YES;
				GCC_C_LANGUAGE_STANDARD = gnu17;
				GCC_DYNAMIC_NO_PIC = NO;
				GCC_NO_COMMON_BLOCKS = YES;
				GCC_OPTIMIZATION_LEVEL = 0;
				GCC_PREPROCESSOR_DEFINITIONS = (
					"DEBUG=1",
					"$(inherited)",
				);
				GCC_WARN_64_TO_32_BIT_CONVERSION = YES;
				GCC_WARN_ABOUT_RETURN_TYPE = YES_ERROR;
				GCC_WARN_UNDECLARED_SELECTOR = YES;
				GCC_WARN_UNINITIALIZED_AUTOS = YES_AGGRESSIVE;
				GCC_WARN_UNUSED_FUNCTION = YES;
				GCC_WARN_UNUSED_VARIABLE = YES;
				IPHONEOS_DEPLOYMENT_TARGET = 18.4;
				LOCALIZATION_PREFERS_STRING_CATALOGS = YES;
				MTL_ENABLE_DEBUG_INFO = INCLUDE_SOURCE;
				MTL_FAST_MATH = YES;
				ONLY_ACTIVE_ARCH = YES;
				SDKROOT = iphoneos;
				SWIFT_ACTIVE_COMPILATION_CONDITIONS = "DEBUG $(inherited)";
				SWIFT_OPTIMIZATION_LEVEL = "-Onone";
			};
			name = Debug;
		};
		F98E7EEC2E8835DF003C02A9 /* Release */ = {
			isa = XCBuildConfiguration;
			buildSettings = {
				ALWAYS_SEARCH_USER_PATHS = NO;
				ASSETCATALOG_COMPILER_GENERATE_SWIFT_ASSET_SYMBOL_EXTENSIONS = YES;
				CLANG_ANALYZER_NONNULL = YES;
				CLANG_ANALYZER_NUMBER_OBJECT_CONVERSION = YES_AGGRESSIVE;
				CLANG_CXX_LANGUAGE_STANDARD = "gnu++20";
				CLANG_ENABLE_MODULES = YES;
				CLANG_ENABLE_OBJC_ARC = YES;
				CLANG_ENABLE_OBJC_WEAK = YES;
				CLANG_WARN_BLOCK_CAPTURE_AUTORELEASING = YES;
				CLANG_WARN_BOOL_CONVERSION = YES;
				CLANG_WARN_COMMA = YES;
				CLANG_WARN_CONSTANT_CONVERSION = YES;
				CLANG_WARN_DEPRECATED_OBJC_IMPLEMENTATIONS = YES;
				CLANG_WARN_DIRECT_OBJC_ISA_USAGE = YES_ERROR;
				CLANG_WARN_DOCUMENTATION_COMMENTS = YES;
				CLANG_WARN_EMPTY_BODY = YES;
				CLANG_WARN_ENUM_CONVERSION = YES;
				CLANG_WARN_INFINITE_RECURSION = YES;
				CLANG_WARN_INT_CONVERSION = YES;
				CLANG_WARN_NON_LITERAL_NULL_CONVERSION = YES;
				CLANG_WARN_OBJC_IMPLICIT_RETAIN_SELF = YES;
				CLANG_WARN_OBJC_LITERAL_CONVERSION = YES;
				CLANG_WARN_OBJC_ROOT_CLASS = YES_ERROR;
				CLANG_WARN_QUOTED_INCLUDE_IN_FRAMEWORK_HEADER = YES;
				CLANG_WARN_RANGE_LOOP_ANALYSIS = YES;
				CLANG_WARN_STRICT_PROTOTYPES = YES;
				CLANG_WARN_SUSPICIOUS_MOVE = YES;
				CLANG_WARN_UNGUARDED_AVAILABILITY = YES_AGGRESSIVE;
				CLANG_WARN_UNREACHABLE_CODE = YES;
				CLANG_WARN__DUPLICATE_METHOD_MATCH = YES;
				COPY_PHASE_STRIP = NO;
				DEBUG_INFORMATION_FORMAT = "dwarf-with-dsym";
				ENABLE_NS_ASSERTIONS = NO;
				ENABLE_STRICT_OBJC_MSGSEND = YES;
				ENABLE_USER_SCRIPT_SANDBOXING = YES;
				GCC_C_LANGUAGE_STANDARD = gnu17;
				GCC_NO_COMMON_BLOCKS = YES;
				GCC_WARN_64_TO_32_BIT_CONVERSION = YES;
				GCC_WARN_ABOUT_RETURN_TYPE = YES_ERROR;
				GCC_WARN_UNDECLARED_SELECTOR = YES;
				GCC_WARN_UNINITIALIZED_AUTOS = YES_AGGRESSIVE;
				GCC_WARN_UNUSED_FUNCTION = YES;
				GCC_WARN_UNUSED_VARIABLE = YES;
				IPHONEOS_DEPLOYMENT_TARGET = 18.4;
				LOCALIZATION_PREFERS_STRING_CATALOGS = YES;
				MTL_ENABLE_DEBUG_INFO = NO;
				MTL_FAST_MATH = YES;
				SDKROOT = iphoneos;
				SWIFT_COMPILATION_MODE = wholemodule;
				VALIDATE_PRODUCT = YES;
			};
			name = Release;
		};
		F98E7EEE2E8835DF003C02A9 /* Debug */ = {
			isa = XCBuildConfiguration;
			buildSettings = {
				ASSETCATALOG_COMPILER_APPICON_NAME = AppIcon;
				ASSETCATALOG_COMPILER_GLOBAL_ACCENT_COLOR_NAME = AccentColor;
				CODE_SIGN_STYLE = Automatic;
				CURRENT_PROJECT_VERSION = 1;
				ENABLE_PREVIEWS = YES;
				GENERATE_INFOPLIST_FILE = YES;
				INFOPLIST_FILE = ConcurrencyInSwift/Info.plist;
				INFOPLIST_KEY_UIApplicationSceneManifest_Generation = YES;
				INFOPLIST_KEY_UIApplicationSupportsIndirectInputEvents = YES;
				INFOPLIST_KEY_UILaunchScreen_Generation = YES;
				INFOPLIST_KEY_UISupportedInterfaceOrientations_iPad = "UIInterfaceOrientationPortrait UIInterfaceOrientationPortraitUpsideDown UIInterfaceOrientationLandscapeLeft UIInterfaceOrientationLandscapeRight";
				INFOPLIST_KEY_UISupportedInterfaceOrientations_iPhone = "UIInterfaceOrientationPortrait UIInterfaceOrientationLandscapeLeft UIInterfaceOrientationLandscapeRight";
				LD_RUNPATH_SEARCH_PATHS = (
					"$(inherited)",
					"@executable_path/Frameworks",
				);
				MARKETING_VERSION = 1.0;
				PRODUCT_BUNDLE_IDENTIFIER = com.ConcurrencyInSwift;
				PRODUCT_NAME = "$(TARGET_NAME)";
				SWIFT_EMIT_LOC_STRINGS = YES;
				SWIFT_VERSION = 5.0;
				TARGETED_DEVICE_FAMILY = "1,2";
			};
			name = Debug;
		};
		F98E7EEF2E8835DF003C02A9 /* Release */ = {
			isa = XCBuildConfiguration;
			buildSettings = {
				ASSETCATALOG_COMPILER_APPICON_NAME = AppIcon;
				ASSETCATALOG_COMPILER_GLOBAL_ACCENT_COLOR_NAME = AccentColor;
				CODE_SIGN_STYLE = Automatic;
				CURRENT_PROJECT_VERSION = 1;
				ENABLE_PREVIEWS = YES;
				GENERATE_INFOPLIST_FILE = YES;
				INFOPLIST_FILE = ConcurrencyInSwift/Info.plist;
				INFOPLIST_KEY_UIApplicationSceneManifest_Generation = YES;
				INFOPLIST_KEY_UIApplicationSupportsIndirectInputEvents = YES;
				INFOPLIST_KEY_UILaunchScreen_Generation = YES;
				INFOPLIST_KEY_UISupportedInterfaceOrientations_iPad = "UIInterfaceOrientationPortrait UIInterfaceOrientationPortraitUpsideDown UIInterfaceOrientationLandscapeLeft UIInterfaceOrientationLandscapeRight";
				INFOPLIST_KEY_UISupportedInterfaceOrientations_iPhone = "UIInterfaceOrientationPortrait UIInterfaceOrientationLandscapeLeft UIInterfaceOrientationLandscapeRight";
				LD_RUNPATH_SEARCH_PATHS = (
					"$(inherited)",
					"@executable_path/Frameworks",
				);
				MARKETING_VERSION = 1.0;
				PRODUCT_BUNDLE_IDENTIFIER = com.ConcurrencyInSwift;
				PRODUCT_NAME = "$(TARGET_NAME)";
				SWIFT_EMIT_LOC_STRINGS = YES;
				SWIFT_VERSION = 5.0;
				TARGETED_DEVICE_FAMILY = "1,2";
			};
			name = Release;
		};
		F98E7EF12E8835DF003C02A9 /* Debug */ = {
			isa = XCBuildConfiguration;
			buildSettings = {
				BUNDLE_LOADER = "$(TEST_HOST)";
				CODE_SIGN_STYLE = Automatic;
				CURRENT_PROJECT_VERSION = 1;
				GENERATE_INFOPLIST_FILE = YES;
				IPHONEOS_DEPLOYMENT_TARGET = 18.4;
				MARKETING_VERSION = 1.0;
				PRODUCT_BUNDLE_IDENTIFIER = com.ConcurrencyInSwiftTests;
				PRODUCT_NAME = "$(TARGET_NAME)";
				SWIFT_EMIT_LOC_STRINGS = NO;
				SWIFT_VERSION = 5.0;
				TARGETED_DEVICE_FAMILY = "1,2";
				TEST_HOST = "$(BUILT_PRODUCTS_DIR)/ConcurrencyInSwift.app/$(BUNDLE_EXECUTABLE_FOLDER_PATH)/ConcurrencyInSwift";
			};
			name = Debug;
		};
		F98E7EF22E8835DF003C02A9 /* Release */ = {
			isa = XCBuildConfiguration;
			buildSettings = {
				BUNDLE_LOADER = "$(TEST_HOST)";
				CODE_SIGN_STYLE = Automatic;
				CURRENT_PROJECT_VERSION = 1;
				GENERATE_INFOPLIST_FILE = YES;
				IPHONEOS_DEPLOYMENT_TARGET = 18.4;
				MARKETING_VERSION = 1.0;
				PRODUCT_BUNDLE_IDENTIFIER = com.ConcurrencyInSwiftTests;
				PRODUCT_NAME = "$(TARGET_NAME)";
				SWIFT_EMIT_LOC_STRINGS = NO;
				SWIFT_VERSION = 5.0;
				TARGETED_DEVICE_FAMILY = "1,2";
				TEST_HOST = "$(BUILT_PRODUCTS_DIR)/ConcurrencyInSwift.app/$(BUNDLE_EXECUTABLE_FOLDER_PATH)/ConcurrencyInSwift";
			};
			name = Release;
		};
		F98E7EF42E8835DF003C02A9 /* Debug */ = {
			isa = XCBuildConfiguration;
			buildSettings = {
				CODE_SIGN_STYLE = Automatic;
				CURRENT_PROJECT_VERSION = 1;
				GENERATE_INFOPLIST_FILE = YES;
				MARKETING_VERSION = 1.0;
				PRODUCT_BUNDLE_IDENTIFIER = com.ConcurrencyInSwiftUITests;
				PRODUCT_NAME = "$(TARGET_NAME)";
				SWIFT_EMIT_LOC_STRINGS = NO;
				SWIFT_VERSION = 5.0;
				TARGETED_DEVICE_FAMILY = "1,2";
				TEST_TARGET_NAME = ConcurrencyInSwift;
			};
			name = Debug;
		};
		F98E7EF52E8835DF003C02A9 /* Release */ = {
			isa = XCBuildConfiguration;
			buildSettings = {
				CODE_SIGN_STYLE = Automatic;
				CURRENT_PROJECT_VERSION = 1;
				GENERATE_INFOPLIST_FILE = YES;
				MARKETING_VERSION = 1.0;
				PRODUCT_BUNDLE_IDENTIFIER = com.ConcurrencyInSwiftUITests;
				PRODUCT_NAME = "$(TARGET_NAME)";
				SWIFT_EMIT_LOC_STRINGS = NO;
				SWIFT_VERSION = 5.0;
				TARGETED_DEVICE_FAMILY = "1,2";
				TEST_TARGET_NAME = ConcurrencyInSwift;
			};
			name = Release;
		};
/* End XCBuildConfiguration section */

/* Begin XCConfigurationList section */
		F98E7EC72E8835DD003C02A9 /* Build configuration list for PBXProject "ConcurrencyInSwift" */ = {
			isa = XCConfigurationList;
			buildConfigurations = (
				F98E7EEB2E8835DF003C02A9 /* Debug */,
				F98E7EEC2E8835DF003C02A9 /* Release */,
			);
			defaultConfigurationIsVisible = 0;
			defaultConfigurationName = Release;
		};
		F98E7EED2E8835DF003C02A9 /* Build configuration list for PBXNativeTarget "ConcurrencyInSwift" */ = {
			isa = XCConfigurationList;
			buildConfigurations = (
				F98E7EEE2E8835DF003C02A9 /* Debug */,
				F98E7EEF2E8835DF003C02A9 /* Release */,
			);
			defaultConfigurationIsVisible = 0;
			defaultConfigurationName = Release;
		};
		F98E7EF02E8835DF003C02A9 /* Build configuration list for PBXNativeTarget "ConcurrencyInSwiftTests" */ = {
			isa = XCConfigurationList;
			buildConfigurations = (
				F98E7EF12E8835DF003C02A9 /* Debug */,
				F98E7EF22E8835DF003C02A9 /* Release */,
			);
			defaultConfigurationIsVisible = 0;
			defaultConfigurationName = Release;
		};
		F98E7EF32E8835DF003C02A9 /* Build configuration list for PBXNativeTarget "ConcurrencyInSwiftUITests" */ = {
			isa = XCConfigurationList;
			buildConfigurations = (
				F98E7EF42E8835DF003C02A9 /* Debug */,
				F98E7EF52E8835DF003C02A9 /* Release */,
			);
			defaultConfigurationIsVisible = 0;
			defaultConfigurationName = Release;
		};
/* End XCConfigurationList section */
	};
	rootObject = F98E7EC42E8835DD003C02A9 /* Project object */;
}
